{
  "name": "ProjetoSmartMoney",
  "lockfileVersion": 2,
  "requires": true,
  "packages": {
    "": {
      "dependencies": {
        "@react-native-async-storage/async-storage": "^1.15.5",
        "@react-native-community/datetimepicker": "^3.5.2",
        "@react-native-community/masked-view": "^0.1.11",
        "lodash": "^4.17.21",
        "moment": "^2.29.1",
        "react-native-linear-gradient": "^2.5.6",
        "uuid": "^3.3.3"
      }
    },
    "node_modules/@react-native-async-storage/async-storage": {
      "version": "1.15.5",
      "resolved": "https://registry.npmjs.org/@react-native-async-storage/async-storage/-/async-storage-1.15.5.tgz",
      "integrity": "sha512-4AYehLH39B9a8UXCMf3ieOK+G61wGMP72ikx6/XSMA0DUnvx0PgaeaT2Wyt06kTrDTy8edewKnbrbeqwaM50TQ==",
      "license": "MIT",
      "dependencies": {
        "deep-assign": "^3.0.0"
      },
      "peerDependencies": {
        "react-native": "^0.60.6 || ^0.61.5 || ^0.62.2 || ^0.63.2 || ^0.64.0 || 1000.0.0"
      }
    },
    "node_modules/@react-native-community/datetimepicker": {
      "version": "3.5.2",
      "resolved": "https://registry.npmjs.org/@react-native-community/datetimepicker/-/datetimepicker-3.5.2.tgz",
      "integrity": "sha512-TWRuAtr/DnrEcRewqvXMLea2oB+YF+SbtuYLHguALLxNJQLl/RFB7aTNZeF+OoH75zKFqtXECXV1/uxQUpA+sg==",
      "license": "MIT",
      "dependencies": {
        "invariant": "^2.2.4"
      }
    },
    "node_modules/@react-native-community/masked-view": {
      "version": "0.1.11",
      "resolved": "https://registry.npmjs.org/@react-native-community/masked-view/-/masked-view-0.1.11.tgz",
      "integrity": "sha512-rQfMIGSR/1r/SyN87+VD8xHHzDYeHaJq6elOSCAD+0iLagXkSI2pfA0LmSXP21uw5i3em7GkkRjfJ8wpqWXZNw==",
      "license": "MIT",
      "peerDependencies": {
        "react": ">=16.0",
        "react-native": ">=0.57"
      }
    },
    "node_modules/deep-assign": {
      "version": "3.0.0",
      "resolved": "https://registry.npmjs.org/deep-assign/-/deep-assign-3.0.0.tgz",
      "integrity": "sha512-YX2i9XjJ7h5q/aQ/IM9PEwEnDqETAIYbggmdDB3HLTlSgo1CxPsj6pvhPG68rq6SVE0+p+6Ywsm5fTYNrYtBWw==",
      "license": "MIT",
      "dependencies": {
        "is-obj": "^1.0.0"
      },
      "engines": {
        "node": ">=0.10.0"
      }
    },
    "node_modules/invariant": {
      "version": "2.2.4",
      "resolved": "https://registry.npmjs.org/invariant/-/invariant-2.2.4.tgz",
      "integrity": "sha512-phJfQVBuaJM5raOpJjSfkiD6BpbCE4Ns//LaXl6wGYtUBY83nWS6Rf9tXm2e8VaK60JEjYldbPif/A2B1C2gNA==",
      "license": "MIT",
      "dependencies": {
        "loose-envify": "^1.0.0"
      }
    },
    "node_modules/is-obj": {
      "version": "1.0.1",
      "resolved": "https://registry.npmjs.org/is-obj/-/is-obj-1.0.1.tgz",
      "integrity": "sha1-PkcprB9f3gJc19g6iW2rn09n2w8=",
      "license": "MIT",
      "engines": {
        "node": ">=0.10.0"
      }
    },
    "node_modules/js-tokens": {
      "version": "4.0.0",
      "resolved": "https://registry.npmjs.org/js-tokens/-/js-tokens-4.0.0.tgz",
      "integrity": "sha512-RdJUflcE3cUzKiMqQgsCu06FPu9UdIJO0beYbPhHN4k6apgJtifcoCtT9bcxOpYBtpD2kCM6Sbzg4CausW/PKQ==",
      "license": "MIT"
    },
    "node_modules/lodash": {
      "version": "4.17.21",
      "resolved": "https://registry.npmjs.org/lodash/-/lodash-4.17.21.tgz",
      "integrity": "sha512-v2kDEe57lecTulaDIuNTPy3Ry4gLGJ6Z1O3vE1krgXZNrsQ+LFTGHVxVjcXPs17LhbZVGedAJv8XZ1tvj5FvSg==",
      "license": "MIT"
    },
    "node_modules/loose-envify": {
      "version": "1.4.0",
      "resolved": "https://registry.npmjs.org/loose-envify/-/loose-envify-1.4.0.tgz",
      "integrity": "sha512-lyuxPGr/Wfhrlem2CL/UcnUc1zcqKAImBDzukY7Y5F/yQiNdko6+fRLevlw1HgMySw7f611UIY408EtxRSoK3Q==",
      "license": "MIT",
      "dependencies": {
        "js-tokens": "^3.0.0 || ^4.0.0"
      },
      "bin": {
        "loose-envify": "cli.js"
      }
    },
    "node_modules/moment": {
      "version": "2.29.1",
      "resolved": "https://registry.npmjs.org/moment/-/moment-2.29.1.tgz",
      "integrity": "sha512-kHmoybcPV8Sqy59DwNDY3Jefr64lK/by/da0ViFcuA4DH0vQg5Q6Ze5VimxkfQNSC+Mls/Kx53s7TjP1RhFEDQ==",
      "license": "MIT",
      "engines": {
        "node": "*"
      }
    },
    "node_modules/react-native-linear-gradient": {
      "version": "2.5.6",
      "resolved": "https://registry.npmjs.org/react-native-linear-gradient/-/react-native-linear-gradient-2.5.6.tgz",
      "integrity": "sha512-HDwEaXcQIuXXCV70O+bK1rizFong3wj+5Q/jSyifKFLg0VWF95xh8XQgfzXwtq0NggL9vNjPKXa016KuFu+VFg==",
      "license": "MIT",
      "peerDependencies": {
        "react-native": ">=0.55"
      }
    },
    "node_modules/uuid": {
      "version": "3.3.3",
      "resolved": "https://registry.npmjs.org/uuid/-/uuid-3.3.3.tgz",
      "integrity": "sha512-pW0No1RGHgzlpHJO1nsVrHKpOEIxkGg1xB+v0ZmdNH5OAeAwzAVrCnI2/6Mtx+Uys6iaylxa+D3g4j63IKKjSQ==",
      "deprecated": "Please upgrade  to version 7 or higher.  Older versions may use Math.random() in certain circumstances, which is known to be problematic.  See https://v8.dev/blog/math-random for details.",
      "bin": {
        "uuid": "bin/uuid"
      }
    }
  },
  "dependencies": {
    "@react-native-async-storage/async-storage": {
      "version": "1.15.5",
      "resolved": "https://registry.npmjs.org/@react-native-async-storage/async-storage/-/async-storage-1.15.5.tgz",
      "integrity": "sha512-4AYehLH39B9a8UXCMf3ieOK+G61wGMP72ikx6/XSMA0DUnvx0PgaeaT2Wyt06kTrDTy8edewKnbrbeqwaM50TQ==",
      "requires": {
        "deep-assign": "^3.0.0"
      }
    },
    "@react-native-community/datetimepicker": {
      "version": "3.5.2",
      "resolved": "https://registry.npmjs.org/@react-native-community/datetimepicker/-/datetimepicker-3.5.2.tgz",
      "integrity": "sha512-TWRuAtr/DnrEcRewqvXMLea2oB+YF+SbtuYLHguALLxNJQLl/RFB7aTNZeF+OoH75zKFqtXECXV1/uxQUpA+sg==",
      "requires": {
        "invariant": "^2.2.4"
      }
    },
    "@react-native-community/masked-view": {
      "version": "0.1.11",
      "resolved": "https://registry.npmjs.org/@react-native-community/masked-view/-/masked-view-0.1.11.tgz",
      "integrity": "sha512-rQfMIGSR/1r/SyN87+VD8xHHzDYeHaJq6elOSCAD+0iLagXkSI2pfA0LmSXP21uw5i3em7GkkRjfJ8wpqWXZNw==",
      "requires": {}
    },
    "deep-assign": {
      "version": "3.0.0",
      "resolved": "https://registry.npmjs.org/deep-assign/-/deep-assign-3.0.0.tgz",
      "integrity": "sha512-YX2i9XjJ7h5q/aQ/IM9PEwEnDqETAIYbggmdDB3HLTlSgo1CxPsj6pvhPG68rq6SVE0+p+6Ywsm5fTYNrYtBWw==",
      "requires": {
        "is-obj": "^1.0.0"
      }
    },
    "invariant": {
      "version": "2.2.4",
      "resolved": "https://registry.npmjs.org/invariant/-/invariant-2.2.4.tgz",
      "integrity": "sha512-phJfQVBuaJM5raOpJjSfkiD6BpbCE4Ns//LaXl6wGYtUBY83nWS6Rf9tXm2e8VaK60JEjYldbPif/A2B1C2gNA==",
      "requires": {
        "loose-envify": "^1.0.0"
      }
    },
    "is-obj": {
      "version": "1.0.1",
      "resolved": "https://registry.npmjs.org/is-obj/-/is-obj-1.0.1.tgz",
      "integrity": "sha1-PkcprB9f3gJc19g6iW2rn09n2w8="
    },
    "js-tokens": {
      "version": "4.0.0",
      "resolved": "https://registry.npmjs.org/js-tokens/-/js-tokens-4.0.0.tgz",
      "integrity": "sha512-RdJUflcE3cUzKiMqQgsCu06FPu9UdIJO0beYbPhHN4k6apgJtifcoCtT9bcxOpYBtpD2kCM6Sbzg4CausW/PKQ=="
    },
    "lodash": {
      "version": "4.17.21",
      "resolved": "https://registry.npmjs.org/lodash/-/lodash-4.17.21.tgz",
      "integrity": "sha512-v2kDEe57lecTulaDIuNTPy3Ry4gLGJ6Z1O3vE1krgXZNrsQ+LFTGHVxVjcXPs17LhbZVGedAJv8XZ1tvj5FvSg=="
    },
    "loose-envify": {
      "version": "1.4.0",
      "resolved": "https://registry.npmjs.org/loose-envify/-/loose-envify-1.4.0.tgz",
      "integrity": "sha512-lyuxPGr/Wfhrlem2CL/UcnUc1zcqKAImBDzukY7Y5F/yQiNdko6+fRLevlw1HgMySw7f611UIY408EtxRSoK3Q==",
      "requires": {
        "js-tokens": "^3.0.0 || ^4.0.0"
      }
    },
    "moment": {
      "version": "2.29.1",
      "resolved": "https://registry.npmjs.org/moment/-/moment-2.29.1.tgz",
      "integrity": "sha512-kHmoybcPV8Sqy59DwNDY3Jefr64lK/by/da0ViFcuA4DH0vQg5Q6Ze5VimxkfQNSC+Mls/Kx53s7TjP1RhFEDQ=="
    },
    "react-native-linear-gradient": {
      "version": "2.5.6",
      "resolved": "https://registry.npmjs.org/react-native-linear-gradient/-/react-native-linear-gradient-2.5.6.tgz",
      "integrity": "sha512-HDwEaXcQIuXXCV70O+bK1rizFong3wj+5Q/jSyifKFLg0VWF95xh8XQgfzXwtq0NggL9vNjPKXa016KuFu+VFg==",
      "requires": {}
    },
    "uuid": {
      "version": "3.3.3",
      "resolved": "https://registry.npmjs.org/uuid/-/uuid-3.3.3.tgz",
      "integrity": "sha512-pW0No1RGHgzlpHJO1nsVrHKpOEIxkGg1xB+v0ZmdNH5OAeAwzAVrCnI2/6Mtx+Uys6iaylxa+D3g4j63IKKjSQ=="
    }
  }
}
